
Microsoft Visual Studio Solution File, Format Version 12.00
# Visual Studio Version 16
VisualStudioVersion = 16.0.30225.117
MinimumVisualStudioVersion = 10.0.40219.1
Project("{FAE04EC0-301F-11D3-BF4B-00C04F79EFBC}") = "Kediler Yarisiyor", "Kediler Yarisiyor\Kediler Yarisiyor.csproj", "{CAB5FF47-8E68-4BC1-AD0E-0FA8F118831B}"
EndProject
Global
	GlobalSection(SolutionConfigurationPlatforms) = preSolution
		Debug|Any CPU = Debug|Any CPU
		Release|Any CPU = Release|Any CPU
	EndGlobalSection
	GlobalSection(ProjectConfigurationPlatforms) = postSolution
		{CAB5FF47-8E68-4BC1-AD0E-0FA8F118831B}.Debug|Any CPU.ActiveCfg = Debug|Any CPU
		{CAB5FF47-8E68-4BC1-AD0E-0FA8F118831B}.Debug|Any CPU.Build.0 = Debug|Any CPU
		{CAB5FF47-8E68-4BC1-AD0E-0FA8F118831B}.Release|Any CPU.ActiveCfg = Release|Any CPU
		{CAB5FF47-8E68-4BC1-AD0E-0FA8F118831B}.Release|Any CPU.Build.0 = Release|Any CPU
	EndGlobalSection
	GlobalSection(SolutionProperties) = preSolution
		HideSolutionNode = FALSE
	EndGlobalSection
	GlobalSection(ExtensibilityGlobals) = postSolution
		SolutionGuid = {63B0FAEC-956B-476E-AFAC-0F16DF766AE7}
	EndGlobalSection
EndGlobal
